
Microsoft Visual Studio Solution File, Format Version 11.00
# Visual Studio 2010
Project("{FAE04EC0-301F-11D3-BF4B-00C04F79EFBC}") = "Assembly-CSharp", "Assembly-CSharp.csproj", "{2c623cd5-c493-a8ae-d1a7-a35409e4e88a}"
EndProject
Project("{FAE04EC0-301F-11D3-BF4B-00C04F79EFBC}") = "Assembly-CSharp-Editor", "Assembly-CSharp-Editor.csproj", "{6648c43c-e2b9-4024-b7e9-4dc121eb7c34}"
EndProject
Global
	GlobalSection(SolutionConfigurationPlatforms) = preSolution
		Debug|Any CPU = Debug|Any CPU
		Release|Any CPU = Release|Any CPU
	EndGlobalSection
	GlobalSection(ProjectConfigurationPlatforms) = postSolution
		{2c623cd5-c493-a8ae-d1a7-a35409e4e88a}.Debug|Any CPU.ActiveCfg = Debug|Any CPU
		{2c623cd5-c493-a8ae-d1a7-a35409e4e88a}.Debug|Any CPU.Build.0 = Debug|Any CPU
		{2c623cd5-c493-a8ae-d1a7-a35409e4e88a}.Release|Any CPU.ActiveCfg = Release|Any CPU
		{2c623cd5-c493-a8ae-d1a7-a35409e4e88a}.Release|Any CPU.Build.0 = Release|Any CPU
		{6648c43c-e2b9-4024-b7e9-4dc121eb7c34}.Debug|Any CPU.ActiveCfg = Debug|Any CPU
		{6648c43c-e2b9-4024-b7e9-4dc121eb7c34}.Debug|Any CPU.Build.0 = Debug|Any CPU
		{6648c43c-e2b9-4024-b7e9-4dc121eb7c34}.Release|Any CPU.ActiveCfg = Release|Any CPU
		{6648c43c-e2b9-4024-b7e9-4dc121eb7c34}.Release|Any CPU.Build.0 = Release|Any CPU
	EndGlobalSection
	GlobalSection(SolutionProperties) = preSolution
		HideSolutionNode = FALSE
	EndGlobalSection
EndGlobal
